
Microsoft Visual Studio Solution File, Format Version 12.00
# Visual Studio Version 16
VisualStudioVersion = 16.0.32802.440
MinimumVisualStudioVersion = 10.0.40219.1
Project("{C9674DCB-5085-4A16-B785-4C70DD1589BD}") = "Doron_ETL", "Doron_ETL\Doron_ETL.dtproj", "{51341096-5904-41F2-A94A-C7BA587D4606}"
EndProject
Global
	GlobalSection(SolutionConfigurationPlatforms) = preSolution
		Development|Default = Development|Default
	EndGlobalSection
	GlobalSection(ProjectConfigurationPlatforms) = postSolution
		{51341096-5904-41F2-A94A-C7BA587D4606}.Development|Default.ActiveCfg = Development
		{51341096-5904-41F2-A94A-C7BA587D4606}.Development|Default.Build.0 = Development
	EndGlobalSection
	GlobalSection(SolutionProperties) = preSolution
		HideSolutionNode = FALSE
	EndGlobalSection
	GlobalSection(ExtensibilityGlobals) = postSolution
		SolutionGuid = {0CF805B7-5F05-4A81-82B6-A54B1B865F5C}
	EndGlobalSection
EndGlobal
